
Microsoft Visual Studio Solution File, Format Version 12.00
# Visual Studio Version 17
VisualStudioVersion = 17.13.35818.85 d17.13
MinimumVisualStudioVersion = 10.0.40219.1
Project("{FAE04EC0-301F-11D3-BF4B-00C04F79EFBC}") = "EMU14500B", "EMU14500B\EMU14500B.csproj", "{F8DB0AFC-937E-43A8-9DCE-68217B0EDECD}"
EndProject
Global
	GlobalSection(SolutionConfigurationPlatforms) = preSolution
		Debug|Any CPU = Debug|Any CPU
		Release|Any CPU = Release|Any CPU
	EndGlobalSection
	GlobalSection(ProjectConfigurationPlatforms) = postSolution
		{F8DB0AFC-937E-43A8-9DCE-68217B0EDECD}.Debug|Any CPU.ActiveCfg = Debug|Any CPU
		{F8DB0AFC-937E-43A8-9DCE-68217B0EDECD}.Debug|Any CPU.Build.0 = Debug|Any CPU
		{F8DB0AFC-937E-43A8-9DCE-68217B0EDECD}.Release|Any CPU.ActiveCfg = Release|Any CPU
		{F8DB0AFC-937E-43A8-9DCE-68217B0EDECD}.Release|Any CPU.Build.0 = Release|Any CPU
	EndGlobalSection
	GlobalSection(SolutionProperties) = preSolution
		HideSolutionNode = FALSE
	EndGlobalSection
	GlobalSection(ExtensibilityGlobals) = postSolution
		SolutionGuid = {538E8073-EB79-4638-AD40-412C9F0578A6}
	EndGlobalSection
EndGlobal
